
Microsoft Visual Studio Solution File, Format Version 12.00
# Visual Studio Version 17
VisualStudioVersion = 17.1.32228.430
MinimumVisualStudioVersion = 10.0.40219.1
Project("{FAE04EC0-301F-11D3-BF4B-00C04F79EFBC}") = "HCI", "HCI\HCI.csproj", "{3BD49E84-A033-495C-AAE3-F7EDB1899B65}"
EndProject
Global
	GlobalSection(SolutionConfigurationPlatforms) = preSolution
		Debug|Any CPU = Debug|Any CPU
		Release|Any CPU = Release|Any CPU
	EndGlobalSection
	GlobalSection(ProjectConfigurationPlatforms) = postSolution
		{3BD49E84-A033-495C-AAE3-F7EDB1899B65}.Debug|Any CPU.ActiveCfg = Debug|Any CPU
		{3BD49E84-A033-495C-AAE3-F7EDB1899B65}.Debug|Any CPU.Build.0 = Debug|Any CPU
		{3BD49E84-A033-495C-AAE3-F7EDB1899B65}.Release|Any CPU.ActiveCfg = Release|Any CPU
		{3BD49E84-A033-495C-AAE3-F7EDB1899B65}.Release|Any CPU.Build.0 = Release|Any CPU
	EndGlobalSection
	GlobalSection(SolutionProperties) = preSolution
		HideSolutionNode = FALSE
	EndGlobalSection
	GlobalSection(ExtensibilityGlobals) = postSolution
		SolutionGuid = {2EE896EE-B46D-4018-9AFC-783EED5E7ED6}
	EndGlobalSection
EndGlobal
